// !$*UTF8*$!
{
	archiveVersion = 1;
	classes = {
	};
	objectVersion = 50;
	objects = {

/* Begin PBXBuildFile section */
		D1469DD624B79C5400673347 /* AppDelegate.swift in Sources */ = {isa = PBXBuildFile; fileRef = D1469DD524B79C5400673347 /* AppDelegate.swift */; };
		D1469DD824B79C5400673347 /* SceneDelegate.swift in Sources */ = {isa = PBXBuildFile; fileRef = D1469DD724B79C5400673347 /* SceneDelegate.swift */; };
		D1469DDA24B79C5400673347 /* ViewController.swift in Sources */ = {isa = PBXBuildFile; fileRef = D1469DD924B79C5400673347 /* ViewController.swift */; };
		D1469DDD24B79C5400673347 /* Main.storyboard in Resources */ = {isa = PBXBuildFile; fileRef = D1469DDB24B79C5400673347 /* Main.storyboard */; };
		D1469DE024B79C5400673347 /* Intro_Transitions.xcdatamodeld in Sources */ = {isa = PBXBuildFile; fileRef = D1469DDE24B79C5400673347 /* Intro_Transitions.xcdatamodeld */; };
		D1469DE224B79C5700673347 /* Assets.xcassets in Resources */ = {isa = PBXBuildFile; fileRef = D1469DE124B79C5700673347 /* Assets.xcassets */; };
		D1469DE524B79C5700673347 /* LaunchScreen.storyboard in Resources */ = {isa = PBXBuildFile; fileRef = D1469DE324B79C5700673347 /* LaunchScreen.storyboard */; };
/* End PBXBuildFile section */

/* Begin PBXFileReference section */
		D1469DD224B79C5400673347 /* Intro Transitions.app */ = {isa = PBXFileReference; explicitFileType = wrapper.application; includeInIndex = 0; path = "Intro Transitions.app"; sourceTree = BUILT_PRODUCTS_DIR; };
		D1469DD524B79C5400673347 /* AppDelegate.swift */ = {isa = PBXFileReference; lastKnownFileType = sourcecode.swift; path = AppDelegate.swift; sourceTree = "<group>"; };
		D1469DD724B79C5400673347 /* SceneDelegate.swift */ = {isa = PBXFileReference; lastKnownFileType = sourcecode.swift; path = SceneDelegate.swift; sourceTree = "<group>"; };
		D1469DD924B79C5400673347 /* ViewController.swift */ = {isa = PBXFileReference; lastKnownFileType = sourcecode.swift; path = ViewController.swift; sourceTree = "<group>"; };
		D1469DDC24B79C5400673347 /* Base */ = {isa = PBXFileReference; lastKnownFileType = file.storyboard; name = Base; path = Base.lproj/Main.storyboard; sourceTree = "<group>"; };
		D1469DDF24B79C5400673347 /* Intro_Transitions.xcdatamodel */ = {isa = PBXFileReference; lastKnownFileType = wrapper.xcdatamodel; path = Intro_Transitions.xcdatamodel; sourceTree = "<group>"; };
		D1469DE124B79C5700673347 /* Assets.xcassets */ = {isa = PBXFileReference; lastKnownFileType = folder.assetcatalog; path = Assets.xcassets; sourceTree = "<group>"; };
		D1469DE424B79C5700673347 /* Base */ = {isa = PBXFileReference; lastKnownFileType = file.storyboard; name = Base; path = Base.lproj/LaunchScreen.storyboard; sourceTree = "<group>"; };
		D1469DE624B79C5700673347 /* Info.plist */ = {isa = PBXFileReference; lastKnownFileType = text.plist.xml; path = Info.plist; sourceTree = "<group>"; };
/* End PBXFileReference section */

/* Begin PBXFrameworksBuildPhase section */
		D1469DCF24B79C5400673347 /* Frameworks */ = {
			isa = PBXFrameworksBuildPhase;
			buildActionMask = 2147483647;
			files = (
			);
			runOnlyForDeploymentPostprocessing = 0;
		};
/* End PBXFrameworksBuildPhase section */

/* Begin PBXGroup section */
		D1469DC924B79C5400673347 = {
			isa = PBXGroup;
			children = (
				D1469DD424B79C5400673347 /* Intro Transitions */,
				D1469DD324B79C5400673347 /* Products */,
			);
			sourceTree = "<group>";
		};
		D1469DD324B79C5400673347 /* Products */ = {
			isa = PBXGroup;
			children = (
				D1469DD224B79C5400673347 /* Intro Transitions.app */,
			);
			name = Products;
			sourceTree = "<group>";
		};
		D1469DD424B79C5400673347 /* Intro Transitions */ = {
			isa = PBXGroup;
			children = (
				D1469DD524B79C5400673347 /* AppDelegate.swift */,
				D1469DD724B79C5400673347 /* SceneDelegate.swift */,
				D1469DD924B79C5400673347 /* ViewController.swift */,
				D1469DDB24B79C5400673347 /* Main.storyboard */,
				D1469DE124B79C5700673347 /* Assets.xcassets */,
				D1469DE324B79C5700673347 /* LaunchScreen.storyboard */,
				D1469DE624B79C5700673347 /* Info.plist */,
				D1469DDE24B79C5400673347 /* Intro_Transitions.xcdatamodeld */,
			);
			path = "Intro Transitions";
			sourceTree = "<group>";
		};
/* End PBXGroup section */

/* Begin PBXNativeTarget section */
		D1469DD124B79C5400673347 /* Intro Transitions */ = {
			isa = PBXNativeTarget;
			buildConfigurationList = D1469DE924B79C5700673347 /* Build configuration list for PBXNativeTarget "Intro Transitions" */;
			buildPhases = (
				D1469DCE24B79C5400673347 /* Sources */,
				D1469DCF24B79C5400673347 /* Frameworks */,
				D1469DD024B79C5400673347 /* Resources */,
			);
			buildRules = (
			);
			dependencies = (
			);
			name = "Intro Transitions";
			productName = "Intro Transitions";
			productReference = D1469DD224B79C5400673347 /* Intro Transitions.app */;
			productType = "com.apple.product-type.application";
		};
/* End PBXNativeTarget section */

/* Begin PBXProject section */
		D1469DCA24B79C5400673347 /* Project object */ = {
			isa = PBXProject;
			attributes = {
				LastSwiftUpdateCheck = 1150;
				LastUpgradeCheck = 1150;
				ORGANIZATIONNAME = "Mahitha Penmetsa";
				TargetAttributes = {
					D1469DD124B79C5400673347 = {
						CreatedOnToolsVersion = 11.5;
					};
				};
			};
			buildConfigurationList = D1469DCD24B79C5400673347 /* Build configuration list for PBXProject "Intro Transitions" */;
			compatibilityVersion = "Xcode 9.3";
			developmentRegion = en;
			hasScannedForEncodings = 0;
			knownRegions = (
				en,
				Base,
			);
			mainGroup = D1469DC924B79C5400673347;
			productRefGroup = D1469DD324B79C5400673347 /* Products */;
			projectDirPath = "";
			projectRoot = "";
			targets = (
				D1469DD124B79C5400673347 /* Intro Transitions */,
			);
		};
/* End PBXProject section */

/* Begin PBXResourcesBuildPhase section */
		D1469DD024B79C5400673347 /* Resources */ = {
			isa = PBXResourcesBuildPhase;
			buildActionMask = 2147483647;
			files = (
				D1469DE524B79C5700673347 /* LaunchScreen.storyboard in Resources */,
				D1469DE224B79C5700673347 /* Assets.xcassets in Resources */,
				D1469DDD24B79C5400673347 /* Main.storyboard in Resources */,
			);
			runOnlyForDeploymentPostprocessing = 0;
		};
/* End PBXResourcesBuildPhase section */

/* Begin PBXSourcesBuildPhase section */
		D1469DCE24B79C5400673347 /* Sources */ = {
			isa = PBXSourcesBuildPhase;
			buildActionMask = 2147483647;
			files = (
				D1469DDA24B79C5400673347 /* ViewController.swift in Sources */,
				D1469DD624B79C5400673347 /* AppDelegate.swift in Sources */,
				D1469DD824B79C5400673347 /* SceneDelegate.swift in Sources */,
				D1469DE024B79C5400673347 /* Intro_Transitions.xcdatamodeld in Sources */,
			);
			runOnlyForDeploymentPostprocessing = 0;
		};
/* End PBXSourcesBuildPhase section */

/* Begin PBXVariantGroup section */
		D1469DDB24B79C5400673347 /* Main.storyboard */ = {
			isa = PBXVariantGroup;
			children = (
				D1469DDC24B79C5400673347 /* Base */,
			);
			name = Main.storyboard;
			sourceTree = "<group>";
		};
		D1469DE324B79C5700673347 /* LaunchScreen.storyboard */ = {
			isa = PBXVariantGroup;
			children = (
				D1469DE424B79C5700673347 /* Base */,
			);
			name = LaunchScreen.storyboard;
			sourceTree = "<group>";
		};
/* End PBXVariantGroup section */

/* Begin XCBuildConfiguration section */
		D1469DE724B79C5700673347 /* Debug */ = {
			isa = XCBuildConfiguration;
			buildSettings = {
				ALWAYS_SEARCH_USER_PATHS = NO;
				CLANG_ANALYZER_NONNULL = YES;
				CLANG_ANALYZER_NUMBER_OBJECT_CONVERSION = YES_AGGRESSIVE;
				CLANG_CXX_LANGUAGE_STANDARD = "gnu++14";
				CLANG_CXX_LIBRARY = "libc++";
				CLANG_ENABLE_MODULES = YES;
				CLANG_ENABLE_OBJC_ARC = YES;
				CLANG_ENABLE_OBJC_WEAK = YES;
				CLANG_WARN_BLOCK_CAPTURE_AUTORELEASING = YES;
				CLANG_WARN_BOOL_CONVERSION = YES;
				CLANG_WARN_COMMA = YES;
				CLANG_WARN_CONSTANT_CONVERSION = YES;
				CLANG_WARN_DEPRECATED_OBJC_IMPLEMENTATIONS = YES;
				CLANG_WARN_DIRECT_OBJC_ISA_USAGE = YES_ERROR;
				CLANG_WARN_DOCUMENTATION_COMMENTS = YES;
				CLANG_WARN_EMPTY_BODY = YES;
				CLANG_WARN_ENUM_CONVERSION = YES;
				CLANG_WARN_INFINITE_RECURSION = YES;
				CLANG_WARN_INT_CONVERSION = YES;
				CLANG_WARN_NON_LITERAL_NULL_CONVERSION = YES;
				CLANG_WARN_OBJC_IMPLICIT_RETAIN_SELF = YES;
				CLANG_WARN_OBJC_LITERAL_CONVERSION = YES;
				CLANG_WARN_OBJC_ROOT_CLASS = YES_ERROR;
				CLANG_WARN_RANGE_LOOP_ANALYSIS = YES;
				CLANG_WARN_STRICT_PROTOTYPES = YES;
				CLANG_WARN_SUSPICIOUS_MOVE = YES;
				CLANG_WARN_UNGUARDED_AVAILABILITY = YES_AGGRESSIVE;
				CLANG_WARN_UNREACHABLE_CODE = YES;
				CLANG_WARN__DUPLICATE_METHOD_MATCH = YES;
				COPY_PHASE_STRIP = NO;
				DEBUG_INFORMATION_FORMAT = dwarf;
				ENABLE_STRICT_OBJC_MSGSEND = YES;
				ENABLE_TESTABILITY = YES;
				GCC_C_LANGUAGE_STANDARD = gnu11;
				GCC_DYNAMIC_NO_PIC = NO;
				GCC_NO_COMMON_BLOCKS = YES;
				GCC_OPTIMIZATION_LEVEL = 0;
				GCC_PREPROCESSOR_DEFINITIONS = (
					"DEBUG=1",
					"$(inherited)",
				);
				GCC_WARN_64_TO_32_BIT_CONVERSION = YES;
				GCC_WARN_ABOUT_RETURN_TYPE = YES_ERROR;
				GCC_WARN_UNDECLARED_SELECTOR = YES;
				GCC_WARN_UNINITIALIZED_AUTOS = YES_AGGRESSIVE;
				GCC_WARN_UNUSED_FUNCTION = YES;
				GCC_WARN_UNUSED_VARIABLE = YES;
				IPHONEOS_DEPLOYMENT_TARGET = 13.5;
				MTL_ENABLE_DEBUG_INFO = INCLUDE_SOURCE;
				MTL_FAST_MATH = YES;
				ONLY_ACTIVE_ARCH = YES;
				SDKROOT = iphoneos;
				SWIFT_ACTIVE_COMPILATION_CONDITIONS = DEBUG;
				SWIFT_OPTIMIZATION_LEVEL = "-Onone";
			};
			name = Debug;
		};
		D1469DE824B79C5700673347 /* Release */ = {
			isa = XCBuildConfiguration;
			buildSettings = {
				ALWAYS_SEARCH_USER_PATHS = NO;
				CLANG_ANALYZER_NONNULL = YES;
				CLANG_ANALYZER_NUMBER_OBJECT_CONVERSION = YES_AGGRESSIVE;
				CLANG_CXX_LANGUAGE_STANDARD = "gnu++14";
				CLANG_CXX_LIBRARY = "libc++";
				CLANG_ENABLE_MODULES = YES;
				CLANG_ENABLE_OBJC_ARC = YES;
				CLANG_ENABLE_OBJC_WEAK = YES;
				CLANG_WARN_BLOCK_CAPTURE_AUTORELEASING = YES;
				CLANG_WARN_BOOL_CONVERSION = YES;
				CLANG_WARN_COMMA = YES;
				CLANG_WARN_CONSTANT_CONVERSION = YES;
				CLANG_WARN_DEPRECATED_OBJC_IMPLEMENTATIONS = YES;
				CLANG_WARN_DIRECT_OBJC_ISA_USAGE = YES_ERROR;
				CLANG_WARN_DOCUMENTATION_COMMENTS = YES;
				CLANG_WARN_EMPTY_BODY = YES;
				CLANG_WARN_ENUM_CONVERSION = YES;
				CLANG_WARN_INFINITE_RECURSION = YES;
				CLANG_WARN_INT_CONVERSION = YES;
				CLANG_WARN_NON_LITERAL_NULL_CONVERSION = YES;
				CLANG_WARN_OBJC_IMPLICIT_RETAIN_SELF = YES;
				CLANG_WARN_OBJC_LITERAL_CONVERSION = YES;
				CLANG_WARN_OBJC_ROOT_CLASS = YES_ERROR;
				CLANG_WARN_RANGE_LOOP_ANALYSIS = YES;
				CLANG_WARN_STRICT_PROTOTYPES = YES;
				CLANG_WARN_SUSPICIOUS_MOVE = YES;
				CLANG_WARN_UNGUARDED_AVAILABILITY = YES_AGGRESSIVE;
				CLANG_WARN_UNREACHABLE_CODE = YES;
				CLANG_WARN__DUPLICATE_METHOD_MATCH = YES;
				COPY_PHASE_STRIP = NO;
				DEBUG_INFORMATION_FORMAT = "dwarf-with-dsym";
				ENABLE_NS_ASSERTIONS = NO;
				ENABLE_STRICT_OBJC_MSGSEND = YES;
				GCC_C_LANGUAGE_STANDARD = gnu11;
				GCC_NO_COMMON_BLOCKS = YES;
				GCC_WARN_64_TO_32_BIT_CONVERSION = YES;
				GCC_WARN_ABOUT_RETURN_TYPE = YES_ERROR;
				GCC_WARN_UNDECLARED_SELECTOR = YES;
				GCC_WARN_UNINITIALIZED_AUTOS = YES_AGGRESSIVE;
				GCC_WARN_UNUSED_FUNCTION = YES;
				GCC_WARN_UNUSED_VARIABLE = YES;
				IPHONEOS_DEPLOYMENT_TARGET = 13.5;
				MTL_ENABLE_DEBUG_INFO = NO;
				MTL_FAST_MATH = YES;
				SDKROOT = iphoneos;
				SWIFT_COMPILATION_MODE = wholemodule;
				SWIFT_OPTIMIZATION_LEVEL = "-O";
				VALIDATE_PRODUCT = YES;
			};
			name = Release;
		};
		D1469DEA24B79C5700673347 /* Debug */ = {
			isa = XCBuildConfiguration;
			buildSettings = {
				ASSETCATALOG_COMPILER_APPICON_NAME = AppIcon;
				CODE_SIGN_STYLE = Automatic;
				DEVELOPMENT_TEAM = TDKU6B4FDJ;
				INFOPLIST_FILE = "Intro Transitions/Info.plist";
				LD_RUNPATH_SEARCH_PATHS = (
					"$(inherited)",
					"@executable_path/Frameworks",
				);
				PRODUCT_BUNDLE_IDENTIFIER = "app.Intro-Transitions";
				PRODUCT_NAME = "$(TARGET_NAME)";
				SWIFT_VERSION = 5.0;
				TARGETED_DEVICE_FAMILY = "1,2";
			};
			name = Debug;
		};
		D1469DEB24B79C5700673347 /* Release */ = {
			isa = XCBuildConfiguration;
			buildSettings = {
				ASSETCATALOG_COMPILER_APPICON_NAME = AppIcon;
				CODE_SIGN_STYLE = Automatic;
				DEVELOPMENT_TEAM = TDKU6B4FDJ;
				INFOPLIST_FILE = "Intro Transitions/Info.plist";
				LD_RUNPATH_SEARCH_PATHS = (
					"$(inherited)",
					"@executable_path/Frameworks",
				);
				PRODUCT_BUNDLE_IDENTIFIER = "app.Intro-Transitions";
				PRODUCT_NAME = "$(TARGET_NAME)";
				SWIFT_VERSION = 5.0;
				TARGETED_DEVICE_FAMILY = "1,2";
			};
			name = Release;
		};
/* End XCBuildConfiguration section */

/* Begin XCConfigurationList section */
		D1469DCD24B79C5400673347 /* Build configuration list for PBXProject "Intro Transitions" */ = {
			isa = XCConfigurationList;
			buildConfigurations = (
				D1469DE724B79C5700673347 /* Debug */,
				D1469DE824B79C5700673347 /* Release */,
			);
			defaultConfigurationIsVisible = 0;
			defaultConfigurationName = Release;
		};
		D1469DE924B79C5700673347 /* Build configuration list for PBXNativeTarget "Intro Transitions" */ = {
			isa = XCConfigurationList;
			buildConfigurations = (
				D1469DEA24B79C5700673347 /* Debug */,
				D1469DEB24B79C5700673347 /* Release */,
			);
			defaultConfigurationIsVisible = 0;
			defaultConfigurationName = Release;
		};
/* End XCConfigurationList section */

/* Begin XCVersionGroup section */
		D1469DDE24B79C5400673347 /* Intro_Transitions.xcdatamodeld */ = {
			isa = XCVersionGroup;
			children = (
				D1469DDF24B79C5400673347 /* Intro_Transitions.xcdatamodel */,
			);
			currentVersion = D1469DDF24B79C5400673347 /* Intro_Transitions.xcdatamodel */;
			path = Intro_Transitions.xcdatamodeld;
			sourceTree = "<group>";
			versionGroupType = wrapper.xcdatamodel;
		};
/* End XCVersionGroup section */
	};
	rootObject = D1469DCA24B79C5400673347 /* Project object */;
}
